// !$*UTF8*$!
{
	archiveVersion = 1;
	classes = {
	};
	objectVersion = 50;
	objects = {

/* Begin PBXBuildFile section */
		AA019617222D41990041A434 /* AppDelegate.swift in Sources */ = {isa = PBXBuildFile; fileRef = AA019616222D41990041A434 /* AppDelegate.swift */; };
		AA019619222D41990041A434 /* ViewController.swift in Sources */ = {isa = PBXBuildFile; fileRef = AA019618222D41990041A434 /* ViewController.swift */; };
		AA01961C222D41990041A434 /* Main.storyboard in Resources */ = {isa = PBXBuildFile; fileRef = AA01961A222D41990041A434 /* Main.storyboard */; };
		AA01961E222D419C0041A434 /* Assets.xcassets in Resources */ = {isa = PBXBuildFile; fileRef = AA01961D222D419C0041A434 /* Assets.xcassets */; };
		AA019621222D419C0041A434 /* LaunchScreen.storyboard in Resources */ = {isa = PBXBuildFile; fileRef = AA01961F222D419C0041A434 /* LaunchScreen.storyboard */; };
		C9662BA475E467B524001AF1 /* Pods_Tone_Generator.framework in Frameworks */ = {isa = PBXBuildFile; fileRef = 7D84D53F629F055625011E0A /* Pods_Tone_Generator.framework */; };
/* End PBXBuildFile section */

/* Begin PBXFileReference section */
		7D84D53F629F055625011E0A /* Pods_Tone_Generator.framework */ = {isa = PBXFileReference; explicitFileType = wrapper.framework; includeInIndex = 0; path = Pods_Tone_Generator.framework; sourceTree = BUILT_PRODUCTS_DIR; };
		A63662A53C79063C7BD47B7C /* Pods-Tone Generator.debug.xcconfig */ = {isa = PBXFileReference; includeInIndex = 1; lastKnownFileType = text.xcconfig; name = "Pods-Tone Generator.debug.xcconfig"; path = "Target Support Files/Pods-Tone Generator/Pods-Tone Generator.debug.xcconfig"; sourceTree = "<group>"; };
		AA019613222D41990041A434 /* Tone Generator.app */ = {isa = PBXFileReference; explicitFileType = wrapper.application; includeInIndex = 0; path = "Tone Generator.app"; sourceTree = BUILT_PRODUCTS_DIR; };
		AA019616222D41990041A434 /* AppDelegate.swift */ = {isa = PBXFileReference; lastKnownFileType = sourcecode.swift; path = AppDelegate.swift; sourceTree = "<group>"; };
		AA019618222D41990041A434 /* ViewController.swift */ = {isa = PBXFileReference; lastKnownFileType = sourcecode.swift; path = ViewController.swift; sourceTree = "<group>"; };
		AA01961B222D41990041A434 /* Base */ = {isa = PBXFileReference; lastKnownFileType = file.storyboard; name = Base; path = Base.lproj/Main.storyboard; sourceTree = "<group>"; };
		AA01961D222D419C0041A434 /* Assets.xcassets */ = {isa = PBXFileReference; lastKnownFileType = folder.assetcatalog; path = Assets.xcassets; sourceTree = "<group>"; };
		AA019620222D419C0041A434 /* Base */ = {isa = PBXFileReference; lastKnownFileType = file.storyboard; name = Base; path = Base.lproj/LaunchScreen.storyboard; sourceTree = "<group>"; };
		AA019622222D419C0041A434 /* Info.plist */ = {isa = PBXFileReference; lastKnownFileType = text.plist.xml; path = Info.plist; sourceTree = "<group>"; };
		DE0C3E019F14DED9190AB190 /* Pods-Tone Generator.release.xcconfig */ = {isa = PBXFileReference; includeInIndex = 1; lastKnownFileType = text.xcconfig; name = "Pods-Tone Generator.release.xcconfig"; path = "Target Support Files/Pods-Tone Generator/Pods-Tone Generator.release.xcconfig"; sourceTree = "<group>"; };
/* End PBXFileReference section */

/* Begin PBXFrameworksBuildPhase section */
		AA019610222D41990041A434 /* Frameworks */ = {
			isa = PBXFrameworksBuildPhase;
			buildActionMask = 2147483647;
			files = (
				C9662BA475E467B524001AF1 /* Pods_Tone_Generator.framework in Frameworks */,
			);
			runOnlyForDeploymentPostprocessing = 0;
		};
/* End PBXFrameworksBuildPhase section */

/* Begin PBXGroup section */
		3A66EDB700542DEC931CC7FA /* Frameworks */ = {
			isa = PBXGroup;
			children = (
				7D84D53F629F055625011E0A /* Pods_Tone_Generator.framework */,
			);
			name = Frameworks;
			sourceTree = "<group>";
		};
		4CADBED0EFBBDC12E90586C4 /* Pods */ = {
			isa = PBXGroup;
			children = (
				A63662A53C79063C7BD47B7C /* Pods-Tone Generator.debug.xcconfig */,
				DE0C3E019F14DED9190AB190 /* Pods-Tone Generator.release.xcconfig */,
			);
			name = Pods;
			path = Pods;
			sourceTree = "<group>";
		};
		AA01960A222D41990041A434 = {
			isa = PBXGroup;
			children = (
				AA019615222D41990041A434 /* Tone Generator */,
				AA019614222D41990041A434 /* Products */,
				4CADBED0EFBBDC12E90586C4 /* Pods */,
				3A66EDB700542DEC931CC7FA /* Frameworks */,
			);
			sourceTree = "<group>";
		};
		AA019614222D41990041A434 /* Products */ = {
			isa = PBXGroup;
			children = (
				AA019613222D41990041A434 /* Tone Generator.app */,
			);
			name = Products;
			sourceTree = "<group>";
		};
		AA019615222D41990041A434 /* Tone Generator */ = {
			isa = PBXGroup;
			children = (
				AA019616222D41990041A434 /* AppDelegate.swift */,
				AA019618222D41990041A434 /* ViewController.swift */,
				AA01961A222D41990041A434 /* Main.storyboard */,
				AA01961D222D419C0041A434 /* Assets.xcassets */,
				AA01961F222D419C0041A434 /* LaunchScreen.storyboard */,
				AA019622222D419C0041A434 /* Info.plist */,
			);
			path = "Tone Generator";
			sourceTree = "<group>";
		};
/* End PBXGroup section */

/* Begin PBXNativeTarget section */
		AA019612222D41990041A434 /* Tone Generator */ = {
			isa = PBXNativeTarget;
			buildConfigurationList = AA019625222D419C0041A434 /* Build configuration list for PBXNativeTarget "Tone Generator" */;
			buildPhases = (
				174FB4AFC0DEE5B79195A86A /* [CP] Check Pods Manifest.lock */,
				AA01960F222D41990041A434 /* Sources */,
				AA019610222D41990041A434 /* Frameworks */,
				AA019611222D41990041A434 /* Resources */,
			);
			buildRules = (
			);
			dependencies = (
			);
			name = "Tone Generator";
			productName = "Tone Generator";
			productReference = AA019613222D41990041A434 /* Tone Generator.app */;
			productType = "com.apple.product-type.application";
		};
/* End PBXNativeTarget section */

/* Begin PBXProject section */
		AA01960B222D41990041A434 /* Project object */ = {
			isa = PBXProject;
			attributes = {
				LastSwiftUpdateCheck = 1010;
				LastUpgradeCheck = 1010;
				ORGANIZATIONNAME = Steve;
				TargetAttributes = {
					AA019612222D41990041A434 = {
						CreatedOnToolsVersion = 10.1;
					};
				};
			};
			buildConfigurationList = AA01960E222D41990041A434 /* Build configuration list for PBXProject "Tone Generator" */;
			compatibilityVersion = "Xcode 9.3";
			developmentRegion = en;
			hasScannedForEncodings = 0;
			knownRegions = (
				en,
				Base,
			);
			mainGroup = AA01960A222D41990041A434;
			productRefGroup = AA019614222D41990041A434 /* Products */;
			projectDirPath = "";
			projectRoot = "";
			targets = (
				AA019612222D41990041A434 /* Tone Generator */,
			);
		};
/* End PBXProject section */

/* Begin PBXResourcesBuildPhase section */
		AA019611222D41990041A434 /* Resources */ = {
			isa = PBXResourcesBuildPhase;
			buildActionMask = 2147483647;
			files = (
				AA019621222D419C0041A434 /* LaunchScreen.storyboard in Resources */,
				AA01961E222D419C0041A434 /* Assets.xcassets in Resources */,
				AA01961C222D41990041A434 /* Main.storyboard in Resources */,
			);
			runOnlyForDeploymentPostprocessing = 0;
		};
/* End PBXResourcesBuildPhase section */

/* Begin PBXShellScriptBuildPhase section */
		174FB4AFC0DEE5B79195A86A /* [CP] Check Pods Manifest.lock */ = {
			isa = PBXShellScriptBuildPhase;
			buildActionMask = 2147483647;
			files = (
			);
			inputFileListPaths = (
			);
			inputPaths = (
				"${PODS_PODFILE_DIR_PATH}/Podfile.lock",
				"${PODS_ROOT}/Manifest.lock",
			);
			name = "[CP] Check Pods Manifest.lock";
			outputFileListPaths = (
			);
			outputPaths = (
				"$(DERIVED_FILE_DIR)/Pods-Tone Generator-checkManifestLockResult.txt",
			);
			runOnlyForDeploymentPostprocessing = 0;
			shellPath = /bin/sh;
			shellScript = "diff \"${PODS_PODFILE_DIR_PATH}/Podfile.lock\" \"${PODS_ROOT}/Manifest.lock\" > /dev/null\nif [ $? != 0 ] ; then\n    # print error to STDERR\n    echo \"error: The sandbox is not in sync with the Podfile.lock. Run 'pod install' or update your CocoaPods installation.\" >&2\n    exit 1\nfi\n# This output is used by Xcode 'outputs' to avoid re-running this script phase.\necho \"SUCCESS\" > \"${SCRIPT_OUTPUT_FILE_0}\"\n";
			showEnvVarsInLog = 0;
		};
/* End PBXShellScriptBuildPhase section */

/* Begin PBXSourcesBuildPhase section */
		AA01960F222D41990041A434 /* Sources */ = {
			isa = PBXSourcesBuildPhase;
			buildActionMask = 2147483647;
			files = (
				AA019619222D41990041A434 /* ViewController.swift in Sources */,
				AA019617222D41990041A434 /* AppDelegate.swift in Sources */,
			);
			runOnlyForDeploymentPostprocessing = 0;
		};
/* End PBXSourcesBuildPhase section */

/* Begin PBXVariantGroup section */
		AA01961A222D41990041A434 /* Main.storyboard */ = {
			isa = PBXVariantGroup;
			children = (
				AA01961B222D41990041A434 /* Base */,
			);
			name = Main.storyboard;
			sourceTree = "<group>";
		};
		AA01961F222D419C0041A434 /* LaunchScreen.storyboard */ = {
			isa = PBXVariantGroup;
			children = (
				AA019620222D419C0041A434 /* Base */,
			);
			name = LaunchScreen.storyboard;
			sourceTree = "<group>";
		};
/* End PBXVariantGroup section */

/* Begin XCBuildConfiguration section */
		AA019623222D419C0041A434 /* Debug */ = {
			isa = XCBuildConfiguration;
			buildSettings = {
				ALWAYS_SEARCH_USER_PATHS = NO;
				CLANG_ANALYZER_NONNULL = YES;
				CLANG_ANALYZER_NUMBER_OBJECT_CONVERSION = YES_AGGRESSIVE;
				CLANG_CXX_LANGUAGE_STANDARD = "gnu++14";
				CLANG_CXX_LIBRARY = "libc++";
				CLANG_ENABLE_MODULES = YES;
				CLANG_ENABLE_OBJC_ARC = YES;
				CLANG_ENABLE_OBJC_WEAK = YES;
				CLANG_WARN_BLOCK_CAPTURE_AUTORELEASING = YES;
				CLANG_WARN_BOOL_CONVERSION = YES;
				CLANG_WARN_COMMA = YES;
				CLANG_WARN_CONSTANT_CONVERSION = YES;
				CLANG_WARN_DEPRECATED_OBJC_IMPLEMENTATIONS = YES;
				CLANG_WARN_DIRECT_OBJC_ISA_USAGE = YES_ERROR;
				CLANG_WARN_DOCUMENTATION_COMMENTS = YES;
				CLANG_WARN_EMPTY_BODY = YES;
				CLANG_WARN_ENUM_CONVERSION = YES;
				CLANG_WARN_INFINITE_RECURSION = YES;
				CLANG_WARN_INT_CONVERSION = YES;
				CLANG_WARN_NON_LITERAL_NULL_CONVERSION = YES;
				CLANG_WARN_OBJC_IMPLICIT_RETAIN_SELF = YES;
				CLANG_WARN_OBJC_LITERAL_CONVERSION = YES;
				CLANG_WARN_OBJC_ROOT_CLASS = YES_ERROR;
				CLANG_WARN_RANGE_LOOP_ANALYSIS = YES;
				CLANG_WARN_STRICT_PROTOTYPES = YES;
				CLANG_WARN_SUSPICIOUS_MOVE = YES;
				CLANG_WARN_UNGUARDED_AVAILABILITY = YES_AGGRESSIVE;
				CLANG_WARN_UNREACHABLE_CODE = YES;
				CLANG_WARN__DUPLICATE_METHOD_MATCH = YES;
				CODE_SIGN_IDENTITY = "iPhone Developer";
				COPY_PHASE_STRIP = NO;
				DEBUG_INFORMATION_FORMAT = dwarf;
				ENABLE_STRICT_OBJC_MSGSEND = YES;
				ENABLE_TESTABILITY = YES;
				GCC_C_LANGUAGE_STANDARD = gnu11;
				GCC_DYNAMIC_NO_PIC = NO;
				GCC_NO_COMMON_BLOCKS = YES;
				GCC_OPTIMIZATION_LEVEL = 0;
				GCC_PREPROCESSOR_DEFINITIONS = (
					"DEBUG=1",
					"$(inherited)",
				);
				GCC_WARN_64_TO_32_BIT_CONVERSION = YES;
				GCC_WARN_ABOUT_RETURN_TYPE = YES_ERROR;
				GCC_WARN_UNDECLARED_SELECTOR = YES;
				GCC_WARN_UNINITIALIZED_AUTOS = YES_AGGRESSIVE;
				GCC_WARN_UNUSED_FUNCTION = YES;
				GCC_WARN_UNUSED_VARIABLE = YES;
				IPHONEOS_DEPLOYMENT_TARGET = 12.1;
				MTL_ENABLE_DEBUG_INFO = INCLUDE_SOURCE;
				MTL_FAST_MATH = YES;
				ONLY_ACTIVE_ARCH = YES;
				SDKROOT = iphoneos;
				SWIFT_ACTIVE_COMPILATION_CONDITIONS = DEBUG;
				SWIFT_OPTIMIZATION_LEVEL = "-Onone";
			};
			name = Debug;
		};
		AA019624222D419C0041A434 /* Release */ = {
			isa = XCBuildConfiguration;
			buildSettings = {
				ALWAYS_SEARCH_USER_PATHS = NO;
				CLANG_ANALYZER_NONNULL = YES;
				CLANG_ANALYZER_NUMBER_OBJECT_CONVERSION = YES_AGGRESSIVE;
				CLANG_CXX_LANGUAGE_STANDARD = "gnu++14";
				CLANG_CXX_LIBRARY = "libc++";
				CLANG_ENABLE_MODULES = YES;
				CLANG_ENABLE_OBJC_ARC = YES;
				CLANG_ENABLE_OBJC_WEAK = YES;
				CLANG_WARN_BLOCK_CAPTURE_AUTORELEASING = YES;
				CLANG_WARN_BOOL_CONVERSION = YES;
				CLANG_WARN_COMMA = YES;
				CLANG_WARN_CONSTANT_CONVERSION = YES;
				CLANG_WARN_DEPRECATED_OBJC_IMPLEMENTATIONS = YES;
				CLANG_WARN_DIRECT_OBJC_ISA_USAGE = YES_ERROR;
				CLANG_WARN_DOCUMENTATION_COMMENTS = YES;
				CLANG_WARN_EMPTY_BODY = YES;
				CLANG_WARN_ENUM_CONVERSION = YES;
				CLANG_WARN_INFINITE_RECURSION = YES;
				CLANG_WARN_INT_CONVERSION = YES;
				CLANG_WARN_NON_LITERAL_NULL_CONVERSION = YES;
				CLANG_WARN_OBJC_IMPLICIT_RETAIN_SELF = YES;
				CLANG_WARN_OBJC_LITERAL_CONVERSION = YES;
				CLANG_WARN_OBJC_ROOT_CLASS = YES_ERROR;
				CLANG_WARN_RANGE_LOOP_ANALYSIS = YES;
				CLANG_WARN_STRICT_PROTOTYPES = YES;
				CLANG_WARN_SUSPICIOUS_MOVE = YES;
				CLANG_WARN_UNGUARDED_AVAILABILITY = YES_AGGRESSIVE;
				CLANG_WARN_UNREACHABLE_CODE = YES;
				CLANG_WARN__DUPLICATE_METHOD_MATCH = YES;
				CODE_SIGN_IDENTITY = "iPhone Developer";
				COPY_PHASE_STRIP = NO;
				DEBUG_INFORMATION_FORMAT = "dwarf-with-dsym";
				ENABLE_NS_ASSERTIONS = NO;
				ENABLE_STRICT_OBJC_MSGSEND = YES;
				GCC_C_LANGUAGE_STANDARD = gnu11;
				GCC_NO_COMMON_BLOCKS = YES;
				GCC_WARN_64_TO_32_BIT_CONVERSION = YES;
				GCC_WARN_ABOUT_RETURN_TYPE = YES_ERROR;
				GCC_WARN_UNDECLARED_SELECTOR = YES;
				GCC_WARN_UNINITIALIZED_AUTOS = YES_AGGRESSIVE;
				GCC_WARN_UNUSED_FUNCTION = YES;
				GCC_WARN_UNUSED_VARIABLE = YES;
				IPHONEOS_DEPLOYMENT_TARGET = 12.1;
				MTL_ENABLE_DEBUG_INFO = NO;
				MTL_FAST_MATH = YES;
				SDKROOT = iphoneos;
				SWIFT_COMPILATION_MODE = wholemodule;
				SWIFT_OPTIMIZATION_LEVEL = "-O";
				VALIDATE_PRODUCT = YES;
			};
			name = Release;
		};
		AA019626222D419C0041A434 /* Debug */ = {
			isa = XCBuildConfiguration;
			baseConfigurationReference = A63662A53C79063C7BD47B7C /* Pods-Tone Generator.debug.xcconfig */;
			buildSettings = {
				ASSETCATALOG_COMPILER_APPICON_NAME = AppIcon;
				CODE_SIGN_STYLE = Automatic;
				DEVELOPMENT_TEAM = 22648A4K3P;
				INFOPLIST_FILE = "Tone Generator/Info.plist";
				LD_RUNPATH_SEARCH_PATHS = (
					"$(inherited)",
					"@executable_path/Frameworks",
				);
				PRODUCT_BUNDLE_IDENTIFIER = "eu.trease.Tone-Generator";
				PRODUCT_NAME = "$(TARGET_NAME)";
				SWIFT_VERSION = 4.2;
				TARGETED_DEVICE_FAMILY = "1,2";
			};
			name = Debug;
		};
		AA019627222D419C0041A434 /* Release */ = {
			isa = XCBuildConfiguration;
			baseConfigurationReference = DE0C3E019F14DED9190AB190 /* Pods-Tone Generator.release.xcconfig */;
			buildSettings = {
				ASSETCATALOG_COMPILER_APPICON_NAME = AppIcon;
				CODE_SIGN_STYLE = Automatic;
				DEVELOPMENT_TEAM = 22648A4K3P;
				INFOPLIST_FILE = "Tone Generator/Info.plist";
				LD_RUNPATH_SEARCH_PATHS = (
					"$(inherited)",
					"@executable_path/Frameworks",
				);
				PRODUCT_BUNDLE_IDENTIFIER = "eu.trease.Tone-Generator";
				PRODUCT_NAME = "$(TARGET_NAME)";
				SWIFT_VERSION = 4.2;
				TARGETED_DEVICE_FAMILY = "1,2";
			};
			name = Release;
		};
/* End XCBuildConfiguration section */

/* Begin XCConfigurationList section */
		AA01960E222D41990041A434 /* Build configuration list for PBXProject "Tone Generator" */ = {
			isa = XCConfigurationList;
			buildConfigurations = (
				AA019623222D419C0041A434 /* Debug */,
				AA019624222D419C0041A434 /* Release */,
			);
			defaultConfigurationIsVisible = 0;
			defaultConfigurationName = Release;
		};
		AA019625222D419C0041A434 /* Build configuration list for PBXNativeTarget "Tone Generator" */ = {
			isa = XCConfigurationList;
			buildConfigurations = (
				AA019626222D419C0041A434 /* Debug */,
				AA019627222D419C0041A434 /* Release */,
			);
			defaultConfigurationIsVisible = 0;
			defaultConfigurationName = Release;
		};
/* End XCConfigurationList section */
	};
	rootObject = AA01960B222D41990041A434 /* Project object */;
}
